
Microsoft Visual Studio Solution File, Format Version 11.00
# Visual Studio 2010
Project("{FAE04EC0-301F-11D3-BF4B-00C04F79EFBC}") = "Banco", "Banco\Banco.csproj", "{791AB640-3DFC-412B-AAF6-001D5ECC3DFC}"
EndProject
Project("{2150E333-8FDC-42A3-9474-1A3956D46DE8}") = "Solution Items", "Solution Items", "{3EE7C8B7-69F6-4959-941E-A175EA98F628}"
	ProjectSection(SolutionItems) = preProject
		Banco.vsmdi = Banco.vsmdi
		Local.testsettings = Local.testsettings
		TraceAndTestImpact.testsettings = TraceAndTestImpact.testsettings
	EndProjectSection
EndProject
Project("{FAE04EC0-301F-11D3-BF4B-00C04F79EFBC}") = "ReservaTeste", "ReservaTeste\ReservaTeste.csproj", "{0B3D0C89-6955-4F94-846E-8DFA61848296}"
EndProject
Global
	GlobalSection(TestCaseManagementSettings) = postSolution
		CategoryFile = Banco.vsmdi
	EndGlobalSection
	GlobalSection(SolutionConfigurationPlatforms) = preSolution
		Debug|Any CPU = Debug|Any CPU
		Release|Any CPU = Release|Any CPU
	EndGlobalSection
	GlobalSection(ProjectConfigurationPlatforms) = postSolution
		{791AB640-3DFC-412B-AAF6-001D5ECC3DFC}.Debug|Any CPU.ActiveCfg = Debug|Any CPU
		{791AB640-3DFC-412B-AAF6-001D5ECC3DFC}.Debug|Any CPU.Build.0 = Debug|Any CPU
		{791AB640-3DFC-412B-AAF6-001D5ECC3DFC}.Release|Any CPU.ActiveCfg = Release|Any CPU
		{791AB640-3DFC-412B-AAF6-001D5ECC3DFC}.Release|Any CPU.Build.0 = Release|Any CPU
		{0B3D0C89-6955-4F94-846E-8DFA61848296}.Debug|Any CPU.ActiveCfg = Debug|Any CPU
		{0B3D0C89-6955-4F94-846E-8DFA61848296}.Debug|Any CPU.Build.0 = Debug|Any CPU
		{0B3D0C89-6955-4F94-846E-8DFA61848296}.Release|Any CPU.ActiveCfg = Release|Any CPU
		{0B3D0C89-6955-4F94-846E-8DFA61848296}.Release|Any CPU.Build.0 = Release|Any CPU
	EndGlobalSection
	GlobalSection(SolutionProperties) = preSolution
		HideSolutionNode = FALSE
	EndGlobalSection
EndGlobal
